
Microsoft Visual Studio Solution File, Format Version 12.00
# Visual Studio Version 17
VisualStudioVersion = 17.5.2.0
MinimumVisualStudioVersion = 10.0.40219.1
Project("{FAE04EC0-301F-11D3-BF4B-00C04F79EFBC}") = "QuantityMeasurementProject", "QuantityMeasurementProject.csproj", "{56AD075D-40D9-4AD1-629D-E2D5DBDFEA43}"
EndProject
Project("{FAE04EC0-301F-11D3-BF4B-00C04F79EFBC}") = "QuantityMeasurement.Models", "QuantityMeasurement.Models\QuantityMeasurement.Models.csproj", "{3E611664-9D42-45CD-AC23-E1DA0ECE5FA8}"
EndProject
Global
	GlobalSection(SolutionConfigurationPlatforms) = preSolution
		Debug|Any CPU = Debug|Any CPU
		Debug|x64 = Debug|x64
		Debug|x86 = Debug|x86
		Release|Any CPU = Release|Any CPU
		Release|x64 = Release|x64
		Release|x86 = Release|x86
	EndGlobalSection
	GlobalSection(ProjectConfigurationPlatforms) = postSolution
		{56AD075D-40D9-4AD1-629D-E2D5DBDFEA43}.Debug|Any CPU.ActiveCfg = Debug|Any CPU
		{56AD075D-40D9-4AD1-629D-E2D5DBDFEA43}.Debug|Any CPU.Build.0 = Debug|Any CPU
		{56AD075D-40D9-4AD1-629D-E2D5DBDFEA43}.Debug|x64.ActiveCfg = Debug|Any CPU
		{56AD075D-40D9-4AD1-629D-E2D5DBDFEA43}.Debug|x64.Build.0 = Debug|Any CPU
		{56AD075D-40D9-4AD1-629D-E2D5DBDFEA43}.Debug|x86.ActiveCfg = Debug|Any CPU
		{56AD075D-40D9-4AD1-629D-E2D5DBDFEA43}.Debug|x86.Build.0 = Debug|Any CPU
		{56AD075D-40D9-4AD1-629D-E2D5DBDFEA43}.Release|Any CPU.ActiveCfg = Release|Any CPU
		{56AD075D-40D9-4AD1-629D-E2D5DBDFEA43}.Release|Any CPU.Build.0 = Release|Any CPU
		{56AD075D-40D9-4AD1-629D-E2D5DBDFEA43}.Release|x64.ActiveCfg = Release|Any CPU
		{56AD075D-40D9-4AD1-629D-E2D5DBDFEA43}.Release|x64.Build.0 = Release|Any CPU
		{56AD075D-40D9-4AD1-629D-E2D5DBDFEA43}.Release|x86.ActiveCfg = Release|Any CPU
		{56AD075D-40D9-4AD1-629D-E2D5DBDFEA43}.Release|x86.Build.0 = Release|Any CPU
		{3E611664-9D42-45CD-AC23-E1DA0ECE5FA8}.Debug|Any CPU.ActiveCfg = Debug|Any CPU
		{3E611664-9D42-45CD-AC23-E1DA0ECE5FA8}.Debug|Any CPU.Build.0 = Debug|Any CPU
		{3E611664-9D42-45CD-AC23-E1DA0ECE5FA8}.Debug|x64.ActiveCfg = Debug|Any CPU
		{3E611664-9D42-45CD-AC23-E1DA0ECE5FA8}.Debug|x64.Build.0 = Debug|Any CPU
		{3E611664-9D42-45CD-AC23-E1DA0ECE5FA8}.Debug|x86.ActiveCfg = Debug|Any CPU
		{3E611664-9D42-45CD-AC23-E1DA0ECE5FA8}.Debug|x86.Build.0 = Debug|Any CPU
		{3E611664-9D42-45CD-AC23-E1DA0ECE5FA8}.Release|Any CPU.ActiveCfg = Release|Any CPU
		{3E611664-9D42-45CD-AC23-E1DA0ECE5FA8}.Release|Any CPU.Build.0 = Release|Any CPU
		{3E611664-9D42-45CD-AC23-E1DA0ECE5FA8}.Release|x64.ActiveCfg = Release|Any CPU
		{3E611664-9D42-45CD-AC23-E1DA0ECE5FA8}.Release|x64.Build.0 = Release|Any CPU
		{3E611664-9D42-45CD-AC23-E1DA0ECE5FA8}.Release|x86.ActiveCfg = Release|Any CPU
		{3E611664-9D42-45CD-AC23-E1DA0ECE5FA8}.Release|x86.Build.0 = Release|Any CPU
	EndGlobalSection
	GlobalSection(SolutionProperties) = preSolution
		HideSolutionNode = FALSE
	EndGlobalSection
	GlobalSection(ExtensibilityGlobals) = postSolution
		SolutionGuid = {D0546124-895E-4BC9-AD8E-B92ADEFE8CAD}
	EndGlobalSection
EndGlobal
